github.com/aodr3w/logger v0.0.0-20240718094903-5071dde6db05 h1:9Kc7Be+L8z1v3PeWbcmsVGQ1zvszmv1q58D8l1dh0Bs=
github.com/aodr3w/logger v0.0.0-20240718094903-5071dde6db05/go.mod h1:DT4Tj2GLcyqSDJ4tGbKJk9Df0WA2EJ8wUlP1FJ+YFqE=
github.com/joho/godotenv v1.5.1 h1:7eLL/+HRGLY0ldzfGMeQkb7vMd0as4CfYvUVzLqw0N0=
github.com/joho/godotenv v1.5.1/go.mod h1:f4LDr5Voq0i2e/R5DDNOoa2zzDfwtkZa6DnEwAbqwq4=
github.com/logrusorgru/aurora v2.0.3+incompatible h1:tOpm7WcpBTn4fjmVfgpQq0EfczGlG91VSDkswnjF5A8=
github.com/logrusorgru/aurora v2.0.3+incompatible/go.mod h1:7rIyQOR62GCctdiQpZ/zOJlFyk6y+94wXzv6RNZgaR4=
